
Microsoft Visual Studio Solution File, Format Version 11.00
# Visual Studio 2010
Project("{FAE04EC0-301F-11D3-BF4B-00C04F79EFBC}") = "Bounty-Hunt", "Assembly-CSharp.csproj", "{1486674E-AE35-2A7E-2A63-003F64DC6207}"
EndProject
Project("{FAE04EC0-301F-11D3-BF4B-00C04F79EFBC}") = "Bounty-Hunt", "Assembly-CSharp-Editor.csproj", "{A54DFB5D-82FF-B370-AFBE-968499298640}"
EndProject
Global
	GlobalSection(SolutionConfigurationPlatforms) = preSolution
		Debug|Any CPU = Debug|Any CPU
		Release|Any CPU = Release|Any CPU
	EndGlobalSection
	GlobalSection(ProjectConfigurationPlatforms) = postSolution
		{1486674E-AE35-2A7E-2A63-003F64DC6207}.Debug|Any CPU.ActiveCfg = Debug|Any CPU
		{1486674E-AE35-2A7E-2A63-003F64DC6207}.Debug|Any CPU.Build.0 = Debug|Any CPU
		{1486674E-AE35-2A7E-2A63-003F64DC6207}.Release|Any CPU.ActiveCfg = Release|Any CPU
		{1486674E-AE35-2A7E-2A63-003F64DC6207}.Release|Any CPU.Build.0 = Release|Any CPU
		{A54DFB5D-82FF-B370-AFBE-968499298640}.Debug|Any CPU.ActiveCfg = Debug|Any CPU
		{A54DFB5D-82FF-B370-AFBE-968499298640}.Debug|Any CPU.Build.0 = Debug|Any CPU
		{A54DFB5D-82FF-B370-AFBE-968499298640}.Release|Any CPU.ActiveCfg = Release|Any CPU
		{A54DFB5D-82FF-B370-AFBE-968499298640}.Release|Any CPU.Build.0 = Release|Any CPU
	EndGlobalSection
	GlobalSection(SolutionProperties) = preSolution
		HideSolutionNode = FALSE
	EndGlobalSection
	GlobalSection(MonoDevelopProperties) = preSolution
		StartupItem = Assembly-CSharp.csproj
	EndGlobalSection
EndGlobal
